
Microsoft Visual Studio Solution File, Format Version 12.00
# Visual Studio Version 17
VisualStudioVersion = 17.3.32721.290
MinimumVisualStudioVersion = 10.0.40219.1
Project("{FAE04EC0-301F-11D3-BF4B-00C04F79EFBC}") = "WebAppWithRedisCache", "WebAppWithRedisCache\WebAppWithRedisCache.csproj", "{90DDB38B-7B6E-47B0-A64F-0F1449D1D066}"
EndProject
Global
	GlobalSection(SolutionConfigurationPlatforms) = preSolution
		Debug|Any CPU = Debug|Any CPU
		Release|Any CPU = Release|Any CPU
	EndGlobalSection
	GlobalSection(ProjectConfigurationPlatforms) = postSolution
		{90DDB38B-7B6E-47B0-A64F-0F1449D1D066}.Debug|Any CPU.ActiveCfg = Debug|Any CPU
		{90DDB38B-7B6E-47B0-A64F-0F1449D1D066}.Debug|Any CPU.Build.0 = Debug|Any CPU
		{90DDB38B-7B6E-47B0-A64F-0F1449D1D066}.Release|Any CPU.ActiveCfg = Release|Any CPU
		{90DDB38B-7B6E-47B0-A64F-0F1449D1D066}.Release|Any CPU.Build.0 = Release|Any CPU
	EndGlobalSection
	GlobalSection(SolutionProperties) = preSolution
		HideSolutionNode = FALSE
	EndGlobalSection
	GlobalSection(ExtensibilityGlobals) = postSolution
		SolutionGuid = {221D5EFF-5038-42A1-AD30-A788680B91CF}
	EndGlobalSection
EndGlobal
